// !$*UTF8*$!
{
	archiveVersion = 1;
	classes = {
	};
	objectVersion = 46;
	objects = {

/* Begin PBXBuildFile section */
		629720C51C29966100135148 /* tinyxml2.cpp in Sources */ = {isa = PBXBuildFile; fileRef = 629720C41C29966100135148 /* tinyxml2.cpp */; };
		629720D61C2D8C2600135148 /* sdLoader.cpp in Sources */ = {isa = PBXBuildFile; fileRef = 629720D51C2D8C2600135148 /* sdLoader.cpp */; };
		629720D81C2D8CDD00135148 /* libjson.a in Frameworks */ = {isa = PBXBuildFile; fileRef = 629720D71C2D8CDD00135148 /* libjson.a */; };
		629720DB1C2E1F0600135148 /* sdSaver.cpp in Sources */ = {isa = PBXBuildFile; fileRef = 629720DA1C2E1F0600135148 /* sdSaver.cpp */; };
		62AF37BA1C23739C009E9347 /* sdConst.cpp in Sources */ = {isa = PBXBuildFile; fileRef = 62AF37B61C23713A009E9347 /* sdConst.cpp */; };
		62AF37BB1C2373A1009E9347 /* sdEntity.cpp in Sources */ = {isa = PBXBuildFile; fileRef = 62AF37B31C236EDC009E9347 /* sdEntity.cpp */; };
		62D904D21C0E50320065D8A5 /* spatdiftest.cpp in Sources */ = {isa = PBXBuildFile; fileRef = 62D904D11C0E50320065D8A5 /* spatdiftest.cpp */; };
/* End PBXBuildFile section */

/* Begin PBXCopyFilesBuildPhase section */
		62D904C31C0E4E160065D8A5 /* CopyFiles */ = {
			isa = PBXCopyFilesBuildPhase;
			buildActionMask = 2147483647;
			dstPath = /usr/share/man/man1/;
			dstSubfolderSpec = 0;
			files = (
			);
			runOnlyForDeploymentPostprocessing = 1;
		};
/* End PBXCopyFilesBuildPhase section */

/* Begin PBXFileReference section */
		629720C41C29966100135148 /* tinyxml2.cpp */ = {isa = PBXFileReference; fileEncoding = 4; lastKnownFileType = sourcecode.cpp.cpp; name = tinyxml2.cpp; path = ../../libs/tinyxml2/tinyxml2.cpp; sourceTree = "<group>"; };
		629720D51C2D8C2600135148 /* sdLoader.cpp */ = {isa = PBXFileReference; fileEncoding = 4; lastKnownFileType = sourcecode.cpp.cpp; name = sdLoader.cpp; path = ../../sdLoader.cpp; sourceTree = "<group>"; };
		629720D71C2D8CDD00135148 /* libjson.a */ = {isa = PBXFileReference; lastKnownFileType = archive.ar; name = libjson.a; path = /Users/chikashi/Development/spatdiflib/src/libs/libjson/libjson.a; sourceTree = "<absolute>"; };
		629720DA1C2E1F0600135148 /* sdSaver.cpp */ = {isa = PBXFileReference; fileEncoding = 4; lastKnownFileType = sourcecode.cpp.cpp; name = sdSaver.cpp; path = ../../sdSaver.cpp; sourceTree = "<group>"; };
		62AF37B31C236EDC009E9347 /* sdEntity.cpp */ = {isa = PBXFileReference; fileEncoding = 4; lastKnownFileType = sourcecode.cpp.cpp; name = sdEntity.cpp; path = ../../sdEntity.cpp; sourceTree = "<group>"; };
		62AF37B61C23713A009E9347 /* sdConst.cpp */ = {isa = PBXFileReference; fileEncoding = 4; lastKnownFileType = sourcecode.cpp.cpp; name = sdConst.cpp; path = ../../sdConst.cpp; sourceTree = "<group>"; };
		62D904C51C0E4E160065D8A5 /* spatdiftest */ = {isa = PBXFileReference; explicitFileType = "compiled.mach-o.executable"; includeInIndex = 0; path = spatdiftest; sourceTree = BUILT_PRODUCTS_DIR; };
		62D904D11C0E50320065D8A5 /* spatdiftest.cpp */ = {isa = PBXFileReference; fileEncoding = 4; lastKnownFileType = sourcecode.cpp.cpp; name = spatdiftest.cpp; path = TestCode/spatdiftest.cpp; sourceTree = SOURCE_ROOT; };
/* End PBXFileReference section */

/* Begin PBXFrameworksBuildPhase section */
		62D904C21C0E4E160065D8A5 /* Frameworks */ = {
			isa = PBXFrameworksBuildPhase;
			buildActionMask = 2147483647;
			files = (
				629720D81C2D8CDD00135148 /* libjson.a in Frameworks */,
			);
			runOnlyForDeploymentPostprocessing = 0;
		};
/* End PBXFrameworksBuildPhase section */

/* Begin PBXGroup section */
		62D904AE1C0E4DBF0065D8A5 = {
			isa = PBXGroup;
			children = (
				629720C41C29966100135148 /* tinyxml2.cpp */,
				62AF37B61C23713A009E9347 /* sdConst.cpp */,
				62AF37B31C236EDC009E9347 /* sdEntity.cpp */,
				629720D51C2D8C2600135148 /* sdLoader.cpp */,
				629720DA1C2E1F0600135148 /* sdSaver.cpp */,
				62D904B91C0E4DBF0065D8A5 /* libSpatDIFTest */,
				62D904B81C0E4DBF0065D8A5 /* Products */,
			);
			sourceTree = "<group>";
		};
		62D904B81C0E4DBF0065D8A5 /* Products */ = {
			isa = PBXGroup;
			children = (
				62D904C51C0E4E160065D8A5 /* spatdiftest */,
			);
			name = Products;
			sourceTree = "<group>";
		};
		62D904B91C0E4DBF0065D8A5 /* libSpatDIFTest */ = {
			isa = PBXGroup;
			children = (
				62D904D11C0E50320065D8A5 /* spatdiftest.cpp */,
			);
			path = libSpatDIFTest;
			sourceTree = "<group>";
		};
/* End PBXGroup section */

/* Begin PBXNativeTarget section */
		62D904C41C0E4E160065D8A5 /* spatdiftest */ = {
			isa = PBXNativeTarget;
			buildConfigurationList = 62D904C91C0E4E160065D8A5 /* Build configuration list for PBXNativeTarget "spatdiftest" */;
			buildPhases = (
				62D904C11C0E4E160065D8A5 /* Sources */,
				62D904C21C0E4E160065D8A5 /* Frameworks */,
				62D904C31C0E4E160065D8A5 /* CopyFiles */,
			);
			buildRules = (
			);
			dependencies = (
			);
			name = spatdiftest;
			productName = sdDateTest;
			productReference = 62D904C51C0E4E160065D8A5 /* spatdiftest */;
			productType = "com.apple.product-type.tool";
		};
/* End PBXNativeTarget section */

/* Begin PBXProject section */
		62D904AF1C0E4DBF0065D8A5 /* Project object */ = {
			isa = PBXProject;
			attributes = {
				LastUpgradeCheck = 0710;
				ORGANIZATIONNAME = ICST;
				TargetAttributes = {
					62D904C41C0E4E160065D8A5 = {
						CreatedOnToolsVersion = 7.1.1;
					};
				};
			};
			buildConfigurationList = 62D904B21C0E4DBF0065D8A5 /* Build configuration list for PBXProject "libSpatDIFTest" */;
			compatibilityVersion = "Xcode 3.2";
			developmentRegion = English;
			hasScannedForEncodings = 0;
			knownRegions = (
				en,
			);
			mainGroup = 62D904AE1C0E4DBF0065D8A5;
			productRefGroup = 62D904B81C0E4DBF0065D8A5 /* Products */;
			projectDirPath = "";
			projectRoot = "";
			targets = (
				62D904C41C0E4E160065D8A5 /* spatdiftest */,
			);
		};
/* End PBXProject section */

/* Begin PBXSourcesBuildPhase section */
		62D904C11C0E4E160065D8A5 /* Sources */ = {
			isa = PBXSourcesBuildPhase;
			buildActionMask = 2147483647;
			files = (
				629720C51C29966100135148 /* tinyxml2.cpp in Sources */,
				62AF37BA1C23739C009E9347 /* sdConst.cpp in Sources */,
				629720D61C2D8C2600135148 /* sdLoader.cpp in Sources */,
				62D904D21C0E50320065D8A5 /* spatdiftest.cpp in Sources */,
				629720DB1C2E1F0600135148 /* sdSaver.cpp in Sources */,
				62AF37BB1C2373A1009E9347 /* sdEntity.cpp in Sources */,
			);
			runOnlyForDeploymentPostprocessing = 0;
		};
/* End PBXSourcesBuildPhase section */

/* Begin XCBuildConfiguration section */
		62D904BC1C0E4DBF0065D8A5 /* Debug */ = {
			isa = XCBuildConfiguration;
			buildSettings = {
				ALWAYS_SEARCH_USER_PATHS = NO;
				CLANG_CXX_LANGUAGE_STANDARD = "gnu++0x";
				CLANG_CXX_LIBRARY = "libc++";
				CLANG_ENABLE_MODULES = YES;
				CLANG_ENABLE_OBJC_ARC = YES;
				CLANG_WARN_BOOL_CONVERSION = YES;
				CLANG_WARN_CONSTANT_CONVERSION = YES;
				CLANG_WARN_DIRECT_OBJC_ISA_USAGE = YES_ERROR;
				CLANG_WARN_EMPTY_BODY = YES;
				CLANG_WARN_ENUM_CONVERSION = YES;
				CLANG_WARN_INT_CONVERSION = YES;
				CLANG_WARN_OBJC_ROOT_CLASS = YES_ERROR;
				CLANG_WARN_UNREACHABLE_CODE = YES;
				CLANG_WARN__DUPLICATE_METHOD_MATCH = YES;
				CODE_SIGN_IDENTITY = "-";
				COPY_PHASE_STRIP = NO;
				DEBUG_INFORMATION_FORMAT = dwarf;
				ENABLE_STRICT_OBJC_MSGSEND = YES;
				ENABLE_TESTABILITY = YES;
				GCC_C_LANGUAGE_STANDARD = gnu99;
				GCC_DYNAMIC_NO_PIC = NO;
				GCC_NO_COMMON_BLOCKS = YES;
				GCC_OPTIMIZATION_LEVEL = 0;
				GCC_PREPROCESSOR_DEFINITIONS = (
					"DEBUG=1",
					"$(inherited)",
				);
				GCC_WARN_64_TO_32_BIT_CONVERSION = YES;
				GCC_WARN_ABOUT_RETURN_TYPE = YES_ERROR;
				GCC_WARN_UNDECLARED_SELECTOR = YES;
				GCC_WARN_UNINITIALIZED_AUTOS = YES_AGGRESSIVE;
				GCC_WARN_UNUSED_FUNCTION = YES;
				GCC_WARN_UNUSED_VARIABLE = YES;
				LIBRARY_SEARCH_PATHS = "\"$(SRCROOT)/../../libs/libjson\"";
				MACOSX_DEPLOYMENT_TARGET = 10.11;
				MTL_ENABLE_DEBUG_INFO = YES;
				ONLY_ACTIVE_ARCH = NO;
				SDKROOT = macosx;
				USER_HEADER_SEARCH_PATHS = "${PROJECT_DIR}/../../ ${PROJECT_DIR}/../Catch/single_include/ \"$(SRCROOT)/../../libs/tinyxml2\" \"$(SRCROOT)/../../libs/libjson/libjson.h\"";
				VALID_ARCHS = x86_64;
			};
			name = Debug;
		};
		62D904BD1C0E4DBF0065D8A5 /* Release */ = {
			isa = XCBuildConfiguration;
			buildSettings = {
				ALWAYS_SEARCH_USER_PATHS = NO;
				CLANG_CXX_LANGUAGE_STANDARD = "gnu++0x";
				CLANG_CXX_LIBRARY = "libc++";
				CLANG_ENABLE_MODULES = YES;
				CLANG_ENABLE_OBJC_ARC = YES;
				CLANG_WARN_BOOL_CONVERSION = YES;
				CLANG_WARN_CONSTANT_CONVERSION = YES;
				CLANG_WARN_DIRECT_OBJC_ISA_USAGE = YES_ERROR;
				CLANG_WARN_EMPTY_BODY = YES;
				CLANG_WARN_ENUM_CONVERSION = YES;
				CLANG_WARN_INT_CONVERSION = YES;
				CLANG_WARN_OBJC_ROOT_CLASS = YES_ERROR;
				CLANG_WARN_UNREACHABLE_CODE = YES;
				CLANG_WARN__DUPLICATE_METHOD_MATCH = YES;
				CODE_SIGN_IDENTITY = "-";
				COPY_PHASE_STRIP = NO;
				DEBUG_INFORMATION_FORMAT = "dwarf-with-dsym";
				ENABLE_NS_ASSERTIONS = NO;
				ENABLE_STRICT_OBJC_MSGSEND = YES;
				GCC_C_LANGUAGE_STANDARD = gnu99;
				GCC_NO_COMMON_BLOCKS = YES;
				GCC_WARN_64_TO_32_BIT_CONVERSION = YES;
				GCC_WARN_ABOUT_RETURN_TYPE = YES_ERROR;
				GCC_WARN_UNDECLARED_SELECTOR = YES;
				GCC_WARN_UNINITIALIZED_AUTOS = YES_AGGRESSIVE;
				GCC_WARN_UNUSED_FUNCTION = YES;
				GCC_WARN_UNUSED_VARIABLE = YES;
				LIBRARY_SEARCH_PATHS = "\"$(SRCROOT)/../../libs/libjson\"";
				MACOSX_DEPLOYMENT_TARGET = 10.11;
				MTL_ENABLE_DEBUG_INFO = NO;
				ONLY_ACTIVE_ARCH = NO;
				SDKROOT = macosx;
				USER_HEADER_SEARCH_PATHS = "${PROJECT_DIR}/../../ ${PROJECT_DIR}/../Catch/single_include/ \"$(SRCROOT)/../../libs/tinyxml2\" \"$(SRCROOT)/../../libs/libjson";
				VALID_ARCHS = x86_64;
			};
			name = Release;
		};
		62D904CA1C0E4E160065D8A5 /* Debug */ = {
			isa = XCBuildConfiguration;
			buildSettings = {
				HEADER_SEARCH_PATHS = "";
				PRODUCT_NAME = "$(TARGET_NAME)";
				USER_HEADER_SEARCH_PATHS = "${PROJECT_DIR}/../../ ${PROJECT_DIR}/../Catch/single_include/ \"$(SRCROOT)/../../libs/tinyxml2\" \"$(SRCROOT)/../../libs/libjson/**";
			};
			name = Debug;
		};
		62D904CB1C0E4E160065D8A5 /* Release */ = {
			isa = XCBuildConfiguration;
			buildSettings = {
				HEADER_SEARCH_PATHS = "";
				PRODUCT_NAME = "$(TARGET_NAME)";
				USER_HEADER_SEARCH_PATHS = "${PROJECT_DIR}/../../ ${PROJECT_DIR}/../Catch/single_include/ \"$(SRCROOT)/../../libs/tinyxml2\" \"$(SRCROOT)/../../libs/libjson/**";
			};
			name = Release;
		};
/* End XCBuildConfiguration section */

/* Begin XCConfigurationList section */
		62D904B21C0E4DBF0065D8A5 /* Build configuration list for PBXProject "libSpatDIFTest" */ = {
			isa = XCConfigurationList;
			buildConfigurations = (
				62D904BC1C0E4DBF0065D8A5 /* Debug */,
				62D904BD1C0E4DBF0065D8A5 /* Release */,
			);
			defaultConfigurationIsVisible = 0;
			defaultConfigurationName = Release;
		};
		62D904C91C0E4E160065D8A5 /* Build configuration list for PBXNativeTarget "spatdiftest" */ = {
			isa = XCConfigurationList;
			buildConfigurations = (
				62D904CA1C0E4E160065D8A5 /* Debug */,
				62D904CB1C0E4E160065D8A5 /* Release */,
			);
			defaultConfigurationIsVisible = 0;
			defaultConfigurationName = Release;
		};
/* End XCConfigurationList section */
	};
	rootObject = 62D904AF1C0E4DBF0065D8A5 /* Project object */;
}
