// !$*UTF8*$!
{
	archiveVersion = 1;
	classes = {
	};
	objectVersion = 46;
	objects = {

/* Begin PBXBuildFile section */
		6217DDE71D5B20510048C466 /* sdDescriptors.cpp in Sources */ = {isa = PBXBuildFile; fileRef = 6217DDE51D5B20510048C466 /* sdDescriptors.cpp */; };
		6217DDFE1D5B218A0048C466 /* internalJSONNode.o in Frameworks */ = {isa = PBXBuildFile; fileRef = 62401D3F1CA2AFBD001179C5 /* internalJSONNode.o */; };
		6217DDFF1D5B218A0048C466 /* JSONAllocator.o in Frameworks */ = {isa = PBXBuildFile; fileRef = 62401D401CA2AFBD001179C5 /* JSONAllocator.o */; };
		6217DE001D5B218A0048C466 /* JSONChildren.o in Frameworks */ = {isa = PBXBuildFile; fileRef = 62401D411CA2AFBD001179C5 /* JSONChildren.o */; };
		6217DE011D5B218A0048C466 /* JSONDebug.o in Frameworks */ = {isa = PBXBuildFile; fileRef = 62401D421CA2AFBD001179C5 /* JSONDebug.o */; };
		6217DE021D5B218A0048C466 /* JSONIterators.o in Frameworks */ = {isa = PBXBuildFile; fileRef = 62401D431CA2AFBD001179C5 /* JSONIterators.o */; };
		6217DE031D5B218A0048C466 /* JSONMemory.o in Frameworks */ = {isa = PBXBuildFile; fileRef = 62401D441CA2AFBD001179C5 /* JSONMemory.o */; };
		6217DE041D5B218A0048C466 /* JSONNode_Mutex.o in Frameworks */ = {isa = PBXBuildFile; fileRef = 62401D451CA2AFBD001179C5 /* JSONNode_Mutex.o */; };
		6217DE051D5B218A0048C466 /* JSONNode.o in Frameworks */ = {isa = PBXBuildFile; fileRef = 62401D461CA2AFBD001179C5 /* JSONNode.o */; };
		6217DE061D5B218A0048C466 /* JSONPreparse.o in Frameworks */ = {isa = PBXBuildFile; fileRef = 62401D471CA2AFBD001179C5 /* JSONPreparse.o */; };
		6217DE071D5B218A0048C466 /* JSONStream.o in Frameworks */ = {isa = PBXBuildFile; fileRef = 62401D481CA2AFBD001179C5 /* JSONStream.o */; };
		6217DE081D5B218A0048C466 /* JSONValidator.o in Frameworks */ = {isa = PBXBuildFile; fileRef = 62401D491CA2AFBD001179C5 /* JSONValidator.o */; };
		6217DE091D5B218A0048C466 /* JSONWorker.o in Frameworks */ = {isa = PBXBuildFile; fileRef = 62401D4A1CA2AFBD001179C5 /* JSONWorker.o */; };
		6217DE0A1D5B218A0048C466 /* JSONWriter.o in Frameworks */ = {isa = PBXBuildFile; fileRef = 62401D4B1CA2AFBD001179C5 /* JSONWriter.o */; };
		6217DE0B1D5B218A0048C466 /* libjson.o in Frameworks */ = {isa = PBXBuildFile; fileRef = 62401D4C1CA2AFBD001179C5 /* libjson.o */; };
		6217DE0C1D5B21930048C466 /* descriptor_sanity_check.cpp in Sources */ = {isa = PBXBuildFile; fileRef = 6217DDEE1D5B20F10048C466 /* descriptor_sanity_check.cpp */; };
		6217DE0D1D5B219E0048C466 /* tinyxml2.cpp in Sources */ = {isa = PBXBuildFile; fileRef = 629720C41C29966100135148 /* tinyxml2.cpp */; };
		6217DE0E1D5B219E0048C466 /* sdEntity.cpp in Sources */ = {isa = PBXBuildFile; fileRef = 62AF37B31C236EDC009E9347 /* sdEntity.cpp */; };
		6217DE0F1D5B219E0048C466 /* sdLoader.cpp in Sources */ = {isa = PBXBuildFile; fileRef = 629720D51C2D8C2600135148 /* sdLoader.cpp */; };
		6217DE101D5B219E0048C466 /* sdSaver.cpp in Sources */ = {isa = PBXBuildFile; fileRef = 629720DA1C2E1F0600135148 /* sdSaver.cpp */; };
		6217DE121D5B23420048C466 /* sdDescriptors.cpp in Sources */ = {isa = PBXBuildFile; fileRef = 6217DE111D5B23420048C466 /* sdDescriptors.cpp */; };
		6217DE141D5B23590048C466 /* sdDescriptors.cpp in Sources */ = {isa = PBXBuildFile; fileRef = 6217DE131D5B23590048C466 /* sdDescriptors.cpp */; };
		62401D4D1CA2AFBD001179C5 /* internalJSONNode.o in Frameworks */ = {isa = PBXBuildFile; fileRef = 62401D3F1CA2AFBD001179C5 /* internalJSONNode.o */; };
		62401D4E1CA2AFBD001179C5 /* JSONAllocator.o in Frameworks */ = {isa = PBXBuildFile; fileRef = 62401D401CA2AFBD001179C5 /* JSONAllocator.o */; };
		62401D4F1CA2AFBD001179C5 /* JSONChildren.o in Frameworks */ = {isa = PBXBuildFile; fileRef = 62401D411CA2AFBD001179C5 /* JSONChildren.o */; };
		62401D501CA2AFBD001179C5 /* JSONDebug.o in Frameworks */ = {isa = PBXBuildFile; fileRef = 62401D421CA2AFBD001179C5 /* JSONDebug.o */; };
		62401D511CA2AFBD001179C5 /* JSONIterators.o in Frameworks */ = {isa = PBXBuildFile; fileRef = 62401D431CA2AFBD001179C5 /* JSONIterators.o */; };
		62401D521CA2AFBD001179C5 /* JSONMemory.o in Frameworks */ = {isa = PBXBuildFile; fileRef = 62401D441CA2AFBD001179C5 /* JSONMemory.o */; };
		62401D531CA2AFBD001179C5 /* JSONNode_Mutex.o in Frameworks */ = {isa = PBXBuildFile; fileRef = 62401D451CA2AFBD001179C5 /* JSONNode_Mutex.o */; };
		62401D541CA2AFBD001179C5 /* JSONNode.o in Frameworks */ = {isa = PBXBuildFile; fileRef = 62401D461CA2AFBD001179C5 /* JSONNode.o */; };
		62401D551CA2AFBD001179C5 /* JSONPreparse.o in Frameworks */ = {isa = PBXBuildFile; fileRef = 62401D471CA2AFBD001179C5 /* JSONPreparse.o */; };
		62401D561CA2AFBD001179C5 /* JSONStream.o in Frameworks */ = {isa = PBXBuildFile; fileRef = 62401D481CA2AFBD001179C5 /* JSONStream.o */; };
		62401D571CA2AFBD001179C5 /* JSONValidator.o in Frameworks */ = {isa = PBXBuildFile; fileRef = 62401D491CA2AFBD001179C5 /* JSONValidator.o */; };
		62401D581CA2AFBD001179C5 /* JSONWorker.o in Frameworks */ = {isa = PBXBuildFile; fileRef = 62401D4A1CA2AFBD001179C5 /* JSONWorker.o */; };
		62401D591CA2AFBD001179C5 /* JSONWriter.o in Frameworks */ = {isa = PBXBuildFile; fileRef = 62401D4B1CA2AFBD001179C5 /* JSONWriter.o */; };
		62401D5A1CA2AFBD001179C5 /* libjson.o in Frameworks */ = {isa = PBXBuildFile; fileRef = 62401D4C1CA2AFBD001179C5 /* libjson.o */; };
		62401D5F1CA3E7C0001179C5 /* internalJSONNode.o in Frameworks */ = {isa = PBXBuildFile; fileRef = 62401D3F1CA2AFBD001179C5 /* internalJSONNode.o */; };
		62401D601CA3E7C0001179C5 /* JSONAllocator.o in Frameworks */ = {isa = PBXBuildFile; fileRef = 62401D401CA2AFBD001179C5 /* JSONAllocator.o */; };
		62401D611CA3E7C0001179C5 /* JSONChildren.o in Frameworks */ = {isa = PBXBuildFile; fileRef = 62401D411CA2AFBD001179C5 /* JSONChildren.o */; };
		62401D621CA3E7C0001179C5 /* JSONDebug.o in Frameworks */ = {isa = PBXBuildFile; fileRef = 62401D421CA2AFBD001179C5 /* JSONDebug.o */; };
		62401D631CA3E7C0001179C5 /* JSONIterators.o in Frameworks */ = {isa = PBXBuildFile; fileRef = 62401D431CA2AFBD001179C5 /* JSONIterators.o */; };
		62401D641CA3E7C0001179C5 /* JSONMemory.o in Frameworks */ = {isa = PBXBuildFile; fileRef = 62401D441CA2AFBD001179C5 /* JSONMemory.o */; };
		62401D651CA3E7C0001179C5 /* JSONNode_Mutex.o in Frameworks */ = {isa = PBXBuildFile; fileRef = 62401D451CA2AFBD001179C5 /* JSONNode_Mutex.o */; };
		62401D661CA3E7C0001179C5 /* JSONNode.o in Frameworks */ = {isa = PBXBuildFile; fileRef = 62401D461CA2AFBD001179C5 /* JSONNode.o */; };
		62401D671CA3E7C0001179C5 /* JSONPreparse.o in Frameworks */ = {isa = PBXBuildFile; fileRef = 62401D471CA2AFBD001179C5 /* JSONPreparse.o */; };
		62401D681CA3E7C0001179C5 /* JSONStream.o in Frameworks */ = {isa = PBXBuildFile; fileRef = 62401D481CA2AFBD001179C5 /* JSONStream.o */; };
		62401D691CA3E7C0001179C5 /* JSONValidator.o in Frameworks */ = {isa = PBXBuildFile; fileRef = 62401D491CA2AFBD001179C5 /* JSONValidator.o */; };
		62401D6A1CA3E7C0001179C5 /* JSONWorker.o in Frameworks */ = {isa = PBXBuildFile; fileRef = 62401D4A1CA2AFBD001179C5 /* JSONWorker.o */; };
		62401D6B1CA3E7C0001179C5 /* JSONWriter.o in Frameworks */ = {isa = PBXBuildFile; fileRef = 62401D4B1CA2AFBD001179C5 /* JSONWriter.o */; };
		62401D6C1CA3E7C0001179C5 /* libjson.o in Frameworks */ = {isa = PBXBuildFile; fileRef = 62401D4C1CA2AFBD001179C5 /* libjson.o */; };
		629720C51C29966100135148 /* tinyxml2.cpp in Sources */ = {isa = PBXBuildFile; fileRef = 629720C41C29966100135148 /* tinyxml2.cpp */; };
		629720D61C2D8C2600135148 /* sdLoader.cpp in Sources */ = {isa = PBXBuildFile; fileRef = 629720D51C2D8C2600135148 /* sdLoader.cpp */; };
		629720DB1C2E1F0600135148 /* sdSaver.cpp in Sources */ = {isa = PBXBuildFile; fileRef = 629720DA1C2E1F0600135148 /* sdSaver.cpp */; };
		62AF37BB1C2373A1009E9347 /* sdEntity.cpp in Sources */ = {isa = PBXBuildFile; fileRef = 62AF37B31C236EDC009E9347 /* sdEntity.cpp */; };
		62D8B0311C37462900AC1D31 /* oldtest.cpp in Sources */ = {isa = PBXBuildFile; fileRef = 62D8B0301C37462900AC1D31 /* oldtest.cpp */; };
		62D8B0351C3746A500AC1D31 /* tinyxml2.cpp in Sources */ = {isa = PBXBuildFile; fileRef = 629720C41C29966100135148 /* tinyxml2.cpp */; };
		62D8B0371C3746A500AC1D31 /* sdEntity.cpp in Sources */ = {isa = PBXBuildFile; fileRef = 62AF37B31C236EDC009E9347 /* sdEntity.cpp */; };
		62D8B0381C3746A500AC1D31 /* sdLoader.cpp in Sources */ = {isa = PBXBuildFile; fileRef = 629720D51C2D8C2600135148 /* sdLoader.cpp */; };
		62D8B0391C3746A500AC1D31 /* sdSaver.cpp in Sources */ = {isa = PBXBuildFile; fileRef = 629720DA1C2E1F0600135148 /* sdSaver.cpp */; };
		62D904D21C0E50320065D8A5 /* spatdiftest.cpp in Sources */ = {isa = PBXBuildFile; fileRef = 62D904D11C0E50320065D8A5 /* spatdiftest.cpp */; };
/* End PBXBuildFile section */

/* Begin PBXCopyFilesBuildPhase section */
		6217DDF51D5B21080048C466 /* CopyFiles */ = {
			isa = PBXCopyFilesBuildPhase;
			buildActionMask = 2147483647;
			dstPath = /usr/share/man/man1/;
			dstSubfolderSpec = 0;
			files = (
			);
			runOnlyForDeploymentPostprocessing = 1;
		};
		62D8B02C1C37462900AC1D31 /* CopyFiles */ = {
			isa = PBXCopyFilesBuildPhase;
			buildActionMask = 2147483647;
			dstPath = /usr/share/man/man1/;
			dstSubfolderSpec = 0;
			files = (
			);
			runOnlyForDeploymentPostprocessing = 1;
		};
		62D904C31C0E4E160065D8A5 /* CopyFiles */ = {
			isa = PBXCopyFilesBuildPhase;
			buildActionMask = 2147483647;
			dstPath = /usr/share/man/man1/;
			dstSubfolderSpec = 0;
			files = (
			);
			runOnlyForDeploymentPostprocessing = 1;
		};
/* End PBXCopyFilesBuildPhase section */

/* Begin PBXFileReference section */
		6217DDE51D5B20510048C466 /* sdDescriptors.cpp */ = {isa = PBXFileReference; fileEncoding = 4; lastKnownFileType = sourcecode.cpp.cpp; name = sdDescriptors.cpp; path = ../../sdDescriptors.cpp; sourceTree = "<group>"; };
		6217DDE61D5B20510048C466 /* sdDescriptors.h */ = {isa = PBXFileReference; fileEncoding = 4; lastKnownFileType = sourcecode.c.h; name = sdDescriptors.h; path = ../../sdDescriptors.h; sourceTree = "<group>"; };
		6217DDEE1D5B20F10048C466 /* descriptor_sanity_check.cpp */ = {isa = PBXFileReference; lastKnownFileType = sourcecode.cpp.cpp; path = descriptor_sanity_check.cpp; sourceTree = "<group>"; };
		6217DDF71D5B21080048C466 /* descriptor_sanity_check */ = {isa = PBXFileReference; explicitFileType = "compiled.mach-o.executable"; includeInIndex = 0; path = descriptor_sanity_check; sourceTree = BUILT_PRODUCTS_DIR; };
		6217DDF91D5B21080048C466 /* main.cpp */ = {isa = PBXFileReference; lastKnownFileType = sourcecode.cpp.cpp; path = main.cpp; sourceTree = "<group>"; };
		6217DE111D5B23420048C466 /* sdDescriptors.cpp */ = {isa = PBXFileReference; lastKnownFileType = sourcecode.cpp.cpp; name = sdDescriptors.cpp; path = ../../sdDescriptors.cpp; sourceTree = "<group>"; };
		6217DE131D5B23590048C466 /* sdDescriptors.cpp */ = {isa = PBXFileReference; lastKnownFileType = sourcecode.cpp.cpp; name = sdDescriptors.cpp; path = ../../sdDescriptors.cpp; sourceTree = "<group>"; };
		6217DE151D5B23600048C466 /* sdDescriptors.cpp */ = {isa = PBXFileReference; lastKnownFileType = sourcecode.cpp.cpp; name = sdDescriptors.cpp; path = ../../sdDescriptors.cpp; sourceTree = "<group>"; };
		62401D3F1CA2AFBD001179C5 /* internalJSONNode.o */ = {isa = PBXFileReference; lastKnownFileType = "compiled.mach-o.objfile"; name = internalJSONNode.o; path = ../../libs/libjson/Objects_static/internalJSONNode.o; sourceTree = "<group>"; };
		62401D401CA2AFBD001179C5 /* JSONAllocator.o */ = {isa = PBXFileReference; lastKnownFileType = "compiled.mach-o.objfile"; name = JSONAllocator.o; path = ../../libs/libjson/Objects_static/JSONAllocator.o; sourceTree = "<group>"; };
		62401D411CA2AFBD001179C5 /* JSONChildren.o */ = {isa = PBXFileReference; lastKnownFileType = "compiled.mach-o.objfile"; name = JSONChildren.o; path = ../../libs/libjson/Objects_static/JSONChildren.o; sourceTree = "<group>"; };
		62401D421CA2AFBD001179C5 /* JSONDebug.o */ = {isa = PBXFileReference; lastKnownFileType = "compiled.mach-o.objfile"; name = JSONDebug.o; path = ../../libs/libjson/Objects_static/JSONDebug.o; sourceTree = "<group>"; };
		62401D431CA2AFBD001179C5 /* JSONIterators.o */ = {isa = PBXFileReference; lastKnownFileType = "compiled.mach-o.objfile"; name = JSONIterators.o; path = ../../libs/libjson/Objects_static/JSONIterators.o; sourceTree = "<group>"; };
		62401D441CA2AFBD001179C5 /* JSONMemory.o */ = {isa = PBXFileReference; lastKnownFileType = "compiled.mach-o.objfile"; name = JSONMemory.o; path = ../../libs/libjson/Objects_static/JSONMemory.o; sourceTree = "<group>"; };
		62401D451CA2AFBD001179C5 /* JSONNode_Mutex.o */ = {isa = PBXFileReference; lastKnownFileType = "compiled.mach-o.objfile"; name = JSONNode_Mutex.o; path = ../../libs/libjson/Objects_static/JSONNode_Mutex.o; sourceTree = "<group>"; };
		62401D461CA2AFBD001179C5 /* JSONNode.o */ = {isa = PBXFileReference; lastKnownFileType = "compiled.mach-o.objfile"; name = JSONNode.o; path = ../../libs/libjson/Objects_static/JSONNode.o; sourceTree = "<group>"; };
		62401D471CA2AFBD001179C5 /* JSONPreparse.o */ = {isa = PBXFileReference; lastKnownFileType = "compiled.mach-o.objfile"; name = JSONPreparse.o; path = ../../libs/libjson/Objects_static/JSONPreparse.o; sourceTree = "<group>"; };
		62401D481CA2AFBD001179C5 /* JSONStream.o */ = {isa = PBXFileReference; lastKnownFileType = "compiled.mach-o.objfile"; name = JSONStream.o; path = ../../libs/libjson/Objects_static/JSONStream.o; sourceTree = "<group>"; };
		62401D491CA2AFBD001179C5 /* JSONValidator.o */ = {isa = PBXFileReference; lastKnownFileType = "compiled.mach-o.objfile"; name = JSONValidator.o; path = ../../libs/libjson/Objects_static/JSONValidator.o; sourceTree = "<group>"; };
		62401D4A1CA2AFBD001179C5 /* JSONWorker.o */ = {isa = PBXFileReference; lastKnownFileType = "compiled.mach-o.objfile"; name = JSONWorker.o; path = ../../libs/libjson/Objects_static/JSONWorker.o; sourceTree = "<group>"; };
		62401D4B1CA2AFBD001179C5 /* JSONWriter.o */ = {isa = PBXFileReference; lastKnownFileType = "compiled.mach-o.objfile"; name = JSONWriter.o; path = ../../libs/libjson/Objects_static/JSONWriter.o; sourceTree = "<group>"; };
		62401D4C1CA2AFBD001179C5 /* libjson.o */ = {isa = PBXFileReference; lastKnownFileType = "compiled.mach-o.objfile"; name = libjson.o; path = ../../libs/libjson/Objects_static/libjson.o; sourceTree = "<group>"; };
		62401D5D1CA2E8E3001179C5 /* sdMetaHandler.h */ = {isa = PBXFileReference; lastKnownFileType = sourcecode.c.h; name = sdMetaHandler.h; path = ../../sdMetaHandler.h; sourceTree = "<group>"; };
		62401D5E1CA2E947001179C5 /* sdEventHandler.h */ = {isa = PBXFileReference; lastKnownFileType = sourcecode.c.h; name = sdEventHandler.h; path = ../../sdEventHandler.h; sourceTree = "<group>"; };
		629720C41C29966100135148 /* tinyxml2.cpp */ = {isa = PBXFileReference; fileEncoding = 4; lastKnownFileType = sourcecode.cpp.cpp; name = tinyxml2.cpp; path = ../../libs/tinyxml2/tinyxml2.cpp; sourceTree = "<group>"; };
		629720D51C2D8C2600135148 /* sdLoader.cpp */ = {isa = PBXFileReference; fileEncoding = 4; lastKnownFileType = sourcecode.cpp.cpp; name = sdLoader.cpp; path = ../../sdLoader.cpp; sourceTree = "<group>"; };
		629720DA1C2E1F0600135148 /* sdSaver.cpp */ = {isa = PBXFileReference; fileEncoding = 4; lastKnownFileType = sourcecode.cpp.cpp; name = sdSaver.cpp; path = ../../sdSaver.cpp; sourceTree = "<group>"; };
		62AF37B31C236EDC009E9347 /* sdEntity.cpp */ = {isa = PBXFileReference; fileEncoding = 4; lastKnownFileType = sourcecode.cpp.cpp; name = sdEntity.cpp; path = ../../sdEntity.cpp; sourceTree = "<group>"; };
		62BE10211C2F3C020033244E /* sdDate.h */ = {isa = PBXFileReference; lastKnownFileType = sourcecode.c.h; name = sdDate.h; path = ../../sdDate.h; sourceTree = "<group>"; };
		62BE10221C2F3C020033244E /* sdEntity.h */ = {isa = PBXFileReference; lastKnownFileType = sourcecode.c.h; name = sdEntity.h; path = ../../sdEntity.h; sourceTree = "<group>"; };
		62BE10231C2F3C020033244E /* sdEvent.h */ = {isa = PBXFileReference; lastKnownFileType = sourcecode.c.h; name = sdEvent.h; path = ../../sdEvent.h; sourceTree = "<group>"; };
		62BE10241C2F3C020033244E /* sdException.h */ = {isa = PBXFileReference; lastKnownFileType = sourcecode.c.h; name = sdException.h; path = ../../sdException.h; sourceTree = "<group>"; };
		62BE10251C2F3C020033244E /* sdInfo.h */ = {isa = PBXFileReference; lastKnownFileType = sourcecode.c.h; name = sdInfo.h; path = ../../sdInfo.h; sourceTree = "<group>"; };
		62BE10261C2F3C020033244E /* sdLoader.h */ = {isa = PBXFileReference; lastKnownFileType = sourcecode.c.h; name = sdLoader.h; path = ../../sdLoader.h; sourceTree = "<group>"; };
		62BE10271C2F3C020033244E /* sdOSCConverter.h */ = {isa = PBXFileReference; lastKnownFileType = sourcecode.c.h; name = sdOSCConverter.h; path = ../../sdOSCConverter.h; sourceTree = "<group>"; };
		62BE10281C2F3C020033244E /* sdOSCMessage.h */ = {isa = PBXFileReference; lastKnownFileType = sourcecode.c.h; name = sdOSCMessage.h; path = ../../sdOSCMessage.h; sourceTree = "<group>"; };
		62BE10291C2F3C020033244E /* sdOSCResponder.h */ = {isa = PBXFileReference; lastKnownFileType = sourcecode.c.h; name = sdOSCResponder.h; path = ../../sdOSCResponder.h; sourceTree = "<group>"; };
		62BE102A1C2F3C020033244E /* sdSaver.h */ = {isa = PBXFileReference; lastKnownFileType = sourcecode.c.h; name = sdSaver.h; path = ../../sdSaver.h; sourceTree = "<group>"; };
		62BE102B1C2F3C020033244E /* sdScene.h */ = {isa = PBXFileReference; lastKnownFileType = sourcecode.c.h; name = sdScene.h; path = ../../sdScene.h; sourceTree = "<group>"; };
		62D8B02E1C37462900AC1D31 /* oldtest */ = {isa = PBXFileReference; explicitFileType = "compiled.mach-o.executable"; includeInIndex = 0; path = oldtest; sourceTree = BUILT_PRODUCTS_DIR; };
		62D8B0301C37462900AC1D31 /* oldtest.cpp */ = {isa = PBXFileReference; lastKnownFileType = sourcecode.cpp.cpp; path = oldtest.cpp; sourceTree = "<group>"; };
		62D904C51C0E4E160065D8A5 /* spatdiftest */ = {isa = PBXFileReference; explicitFileType = "compiled.mach-o.executable"; includeInIndex = 0; path = spatdiftest; sourceTree = BUILT_PRODUCTS_DIR; };
		62D904D11C0E50320065D8A5 /* spatdiftest.cpp */ = {isa = PBXFileReference; fileEncoding = 4; lastKnownFileType = sourcecode.cpp.cpp; name = spatdiftest.cpp; path = TestCode/spatdiftest.cpp; sourceTree = SOURCE_ROOT; };
/* End PBXFileReference section */

/* Begin PBXFrameworksBuildPhase section */
		6217DDF41D5B21080048C466 /* Frameworks */ = {
			isa = PBXFrameworksBuildPhase;
			buildActionMask = 2147483647;
			files = (
				6217DDFE1D5B218A0048C466 /* internalJSONNode.o in Frameworks */,
				6217DDFF1D5B218A0048C466 /* JSONAllocator.o in Frameworks */,
				6217DE001D5B218A0048C466 /* JSONChildren.o in Frameworks */,
				6217DE011D5B218A0048C466 /* JSONDebug.o in Frameworks */,
				6217DE021D5B218A0048C466 /* JSONIterators.o in Frameworks */,
				6217DE031D5B218A0048C466 /* JSONMemory.o in Frameworks */,
				6217DE041D5B218A0048C466 /* JSONNode_Mutex.o in Frameworks */,
				6217DE051D5B218A0048C466 /* JSONNode.o in Frameworks */,
				6217DE061D5B218A0048C466 /* JSONPreparse.o in Frameworks */,
				6217DE071D5B218A0048C466 /* JSONStream.o in Frameworks */,
				6217DE081D5B218A0048C466 /* JSONValidator.o in Frameworks */,
				6217DE091D5B218A0048C466 /* JSONWorker.o in Frameworks */,
				6217DE0A1D5B218A0048C466 /* JSONWriter.o in Frameworks */,
				6217DE0B1D5B218A0048C466 /* libjson.o in Frameworks */,
			);
			runOnlyForDeploymentPostprocessing = 0;
		};
		62D8B02B1C37462900AC1D31 /* Frameworks */ = {
			isa = PBXFrameworksBuildPhase;
			buildActionMask = 2147483647;
			files = (
				62401D5F1CA3E7C0001179C5 /* internalJSONNode.o in Frameworks */,
				62401D601CA3E7C0001179C5 /* JSONAllocator.o in Frameworks */,
				62401D611CA3E7C0001179C5 /* JSONChildren.o in Frameworks */,
				62401D621CA3E7C0001179C5 /* JSONDebug.o in Frameworks */,
				62401D631CA3E7C0001179C5 /* JSONIterators.o in Frameworks */,
				62401D641CA3E7C0001179C5 /* JSONMemory.o in Frameworks */,
				62401D651CA3E7C0001179C5 /* JSONNode_Mutex.o in Frameworks */,
				62401D661CA3E7C0001179C5 /* JSONNode.o in Frameworks */,
				62401D671CA3E7C0001179C5 /* JSONPreparse.o in Frameworks */,
				62401D681CA3E7C0001179C5 /* JSONStream.o in Frameworks */,
				62401D691CA3E7C0001179C5 /* JSONValidator.o in Frameworks */,
				62401D6A1CA3E7C0001179C5 /* JSONWorker.o in Frameworks */,
				62401D6B1CA3E7C0001179C5 /* JSONWriter.o in Frameworks */,
				62401D6C1CA3E7C0001179C5 /* libjson.o in Frameworks */,
			);
			runOnlyForDeploymentPostprocessing = 0;
		};
		62D904C21C0E4E160065D8A5 /* Frameworks */ = {
			isa = PBXFrameworksBuildPhase;
			buildActionMask = 2147483647;
			files = (
				62401D4D1CA2AFBD001179C5 /* internalJSONNode.o in Frameworks */,
				62401D4E1CA2AFBD001179C5 /* JSONAllocator.o in Frameworks */,
				62401D4F1CA2AFBD001179C5 /* JSONChildren.o in Frameworks */,
				62401D501CA2AFBD001179C5 /* JSONDebug.o in Frameworks */,
				62401D511CA2AFBD001179C5 /* JSONIterators.o in Frameworks */,
				62401D521CA2AFBD001179C5 /* JSONMemory.o in Frameworks */,
				62401D531CA2AFBD001179C5 /* JSONNode_Mutex.o in Frameworks */,
				62401D541CA2AFBD001179C5 /* JSONNode.o in Frameworks */,
				62401D551CA2AFBD001179C5 /* JSONPreparse.o in Frameworks */,
				62401D561CA2AFBD001179C5 /* JSONStream.o in Frameworks */,
				62401D571CA2AFBD001179C5 /* JSONValidator.o in Frameworks */,
				62401D581CA2AFBD001179C5 /* JSONWorker.o in Frameworks */,
				62401D591CA2AFBD001179C5 /* JSONWriter.o in Frameworks */,
				62401D5A1CA2AFBD001179C5 /* libjson.o in Frameworks */,
			);
			runOnlyForDeploymentPostprocessing = 0;
		};
/* End PBXFrameworksBuildPhase section */

/* Begin PBXGroup section */
		6217DDED1D5B20F10048C466 /* DescriptorSanity */ = {
			isa = PBXGroup;
			children = (
				6217DDEE1D5B20F10048C466 /* descriptor_sanity_check.cpp */,
			);
			path = DescriptorSanity;
			sourceTree = "<group>";
		};
		6217DDF81D5B21080048C466 /* descriptor_sanity_check */ = {
			isa = PBXGroup;
			children = (
				6217DDF91D5B21080048C466 /* main.cpp */,
			);
			path = descriptor_sanity_check;
			sourceTree = "<group>";
		};
		62401D5B1CA2AFC5001179C5 /* JSON */ = {
			isa = PBXGroup;
			children = (
				62401D3F1CA2AFBD001179C5 /* internalJSONNode.o */,
				62401D401CA2AFBD001179C5 /* JSONAllocator.o */,
				62401D411CA2AFBD001179C5 /* JSONChildren.o */,
				62401D421CA2AFBD001179C5 /* JSONDebug.o */,
				62401D431CA2AFBD001179C5 /* JSONIterators.o */,
				62401D441CA2AFBD001179C5 /* JSONMemory.o */,
				62401D451CA2AFBD001179C5 /* JSONNode_Mutex.o */,
				62401D461CA2AFBD001179C5 /* JSONNode.o */,
				62401D471CA2AFBD001179C5 /* JSONPreparse.o */,
				62401D481CA2AFBD001179C5 /* JSONStream.o */,
				62401D491CA2AFBD001179C5 /* JSONValidator.o */,
				62401D4A1CA2AFBD001179C5 /* JSONWorker.o */,
				62401D4B1CA2AFBD001179C5 /* JSONWriter.o */,
				62401D4C1CA2AFBD001179C5 /* libjson.o */,
			);
			name = JSON;
			sourceTree = "<group>";
		};
		62D8B02F1C37462900AC1D31 /* oldtest */ = {
			isa = PBXGroup;
			children = (
				62D8B0301C37462900AC1D31 /* oldtest.cpp */,
			);
			path = oldtest;
			sourceTree = "<group>";
		};
		62D904AE1C0E4DBF0065D8A5 = {
			isa = PBXGroup;
			children = (
				6217DE151D5B23600048C466 /* sdDescriptors.cpp */,
				6217DE131D5B23590048C466 /* sdDescriptors.cpp */,
				6217DE111D5B23420048C466 /* sdDescriptors.cpp */,
				62401D5B1CA2AFC5001179C5 /* JSON */,
				62BE10211C2F3C020033244E /* sdDate.h */,
				62BE10221C2F3C020033244E /* sdEntity.h */,
				6217DDE61D5B20510048C466 /* sdDescriptors.h */,
				62401D5D1CA2E8E3001179C5 /* sdMetaHandler.h */,
				62401D5E1CA2E947001179C5 /* sdEventHandler.h */,
				62BE10231C2F3C020033244E /* sdEvent.h */,
				62BE10241C2F3C020033244E /* sdException.h */,
				62BE10251C2F3C020033244E /* sdInfo.h */,
				62BE10261C2F3C020033244E /* sdLoader.h */,
				62BE10271C2F3C020033244E /* sdOSCConverter.h */,
				62BE10281C2F3C020033244E /* sdOSCMessage.h */,
				62BE10291C2F3C020033244E /* sdOSCResponder.h */,
				62BE102A1C2F3C020033244E /* sdSaver.h */,
				62BE102B1C2F3C020033244E /* sdScene.h */,
				6217DDE51D5B20510048C466 /* sdDescriptors.cpp */,
				629720C41C29966100135148 /* tinyxml2.cpp */,
				62AF37B31C236EDC009E9347 /* sdEntity.cpp */,
				629720D51C2D8C2600135148 /* sdLoader.cpp */,
				629720DA1C2E1F0600135148 /* sdSaver.cpp */,
				62D904B91C0E4DBF0065D8A5 /* libSpatDIFTest */,
				62D8B02F1C37462900AC1D31 /* oldtest */,
				6217DDED1D5B20F10048C466 /* DescriptorSanity */,
				6217DDF81D5B21080048C466 /* descriptor_sanity_check */,
				62D904B81C0E4DBF0065D8A5 /* Products */,
			);
			sourceTree = "<group>";
		};
		62D904B81C0E4DBF0065D8A5 /* Products */ = {
			isa = PBXGroup;
			children = (
				62D904C51C0E4E160065D8A5 /* spatdiftest */,
				62D8B02E1C37462900AC1D31 /* oldtest */,
				6217DDF71D5B21080048C466 /* descriptor_sanity_check */,
			);
			name = Products;
			sourceTree = "<group>";
		};
		62D904B91C0E4DBF0065D8A5 /* libSpatDIFTest */ = {
			isa = PBXGroup;
			children = (
				62D904D11C0E50320065D8A5 /* spatdiftest.cpp */,
			);
			path = libSpatDIFTest;
			sourceTree = "<group>";
		};
/* End PBXGroup section */

/* Begin PBXNativeTarget section */
		6217DDF61D5B21080048C466 /* descriptor_sanity_check */ = {
			isa = PBXNativeTarget;
			buildConfigurationList = 6217DDFB1D5B21080048C466 /* Build configuration list for PBXNativeTarget "descriptor_sanity_check" */;
			buildPhases = (
				6217DDF31D5B21080048C466 /* Sources */,
				6217DDF41D5B21080048C466 /* Frameworks */,
				6217DDF51D5B21080048C466 /* CopyFiles */,
			);
			buildRules = (
			);
			dependencies = (
			);
			name = descriptor_sanity_check;
			productName = descriptor_sanity_check;
			productReference = 6217DDF71D5B21080048C466 /* descriptor_sanity_check */;
			productType = "com.apple.product-type.tool";
		};
		62D8B02D1C37462900AC1D31 /* oldtest */ = {
			isa = PBXNativeTarget;
			buildConfigurationList = 62D8B0321C37462900AC1D31 /* Build configuration list for PBXNativeTarget "oldtest" */;
			buildPhases = (
				62D8B02A1C37462900AC1D31 /* Sources */,
				62D8B02B1C37462900AC1D31 /* Frameworks */,
				62D8B02C1C37462900AC1D31 /* CopyFiles */,
			);
			buildRules = (
			);
			dependencies = (
			);
			name = oldtest;
			productName = oldtest;
			productReference = 62D8B02E1C37462900AC1D31 /* oldtest */;
			productType = "com.apple.product-type.tool";
		};
		62D904C41C0E4E160065D8A5 /* spatdiftest */ = {
			isa = PBXNativeTarget;
			buildConfigurationList = 62D904C91C0E4E160065D8A5 /* Build configuration list for PBXNativeTarget "spatdiftest" */;
			buildPhases = (
				62D904C11C0E4E160065D8A5 /* Sources */,
				62D904C21C0E4E160065D8A5 /* Frameworks */,
				62D904C31C0E4E160065D8A5 /* CopyFiles */,
			);
			buildRules = (
			);
			dependencies = (
			);
			name = spatdiftest;
			productName = sdDateTest;
			productReference = 62D904C51C0E4E160065D8A5 /* spatdiftest */;
			productType = "com.apple.product-type.tool";
		};
/* End PBXNativeTarget section */

/* Begin PBXProject section */
		62D904AF1C0E4DBF0065D8A5 /* Project object */ = {
			isa = PBXProject;
			attributes = {
				LastSwiftUpdateCheck = 0710;
				LastUpgradeCheck = 0710;
				ORGANIZATIONNAME = ICST;
				TargetAttributes = {
					6217DDF61D5B21080048C466 = {
						CreatedOnToolsVersion = 7.3.1;
					};
					62D8B02D1C37462900AC1D31 = {
						CreatedOnToolsVersion = 7.1.1;
					};
					62D904C41C0E4E160065D8A5 = {
						CreatedOnToolsVersion = 7.1.1;
					};
				};
			};
			buildConfigurationList = 62D904B21C0E4DBF0065D8A5 /* Build configuration list for PBXProject "libSpatDIFTest" */;
			compatibilityVersion = "Xcode 3.2";
			developmentRegion = English;
			hasScannedForEncodings = 0;
			knownRegions = (
				en,
			);
			mainGroup = 62D904AE1C0E4DBF0065D8A5;
			productRefGroup = 62D904B81C0E4DBF0065D8A5 /* Products */;
			projectDirPath = "";
			projectRoot = "";
			targets = (
				62D904C41C0E4E160065D8A5 /* spatdiftest */,
				62D8B02D1C37462900AC1D31 /* oldtest */,
				6217DDF61D5B21080048C466 /* descriptor_sanity_check */,
			);
		};
/* End PBXProject section */

/* Begin PBXSourcesBuildPhase section */
		6217DDF31D5B21080048C466 /* Sources */ = {
			isa = PBXSourcesBuildPhase;
			buildActionMask = 2147483647;
			files = (
				6217DE0C1D5B21930048C466 /* descriptor_sanity_check.cpp in Sources */,
				6217DE0D1D5B219E0048C466 /* tinyxml2.cpp in Sources */,
				6217DE0E1D5B219E0048C466 /* sdEntity.cpp in Sources */,
				6217DE0F1D5B219E0048C466 /* sdLoader.cpp in Sources */,
				6217DE101D5B219E0048C466 /* sdSaver.cpp in Sources */,
				6217DE121D5B23420048C466 /* sdDescriptors.cpp in Sources */,
			);
			runOnlyForDeploymentPostprocessing = 0;
		};
		62D8B02A1C37462900AC1D31 /* Sources */ = {
			isa = PBXSourcesBuildPhase;
			buildActionMask = 2147483647;
			files = (
				62D8B0311C37462900AC1D31 /* oldtest.cpp in Sources */,
				62D8B0351C3746A500AC1D31 /* tinyxml2.cpp in Sources */,
				62D8B0371C3746A500AC1D31 /* sdEntity.cpp in Sources */,
				62D8B0381C3746A500AC1D31 /* sdLoader.cpp in Sources */,
				62D8B0391C3746A500AC1D31 /* sdSaver.cpp in Sources */,
				6217DE141D5B23590048C466 /* sdDescriptors.cpp in Sources */,
			);
			runOnlyForDeploymentPostprocessing = 0;
		};
		62D904C11C0E4E160065D8A5 /* Sources */ = {
			isa = PBXSourcesBuildPhase;
			buildActionMask = 2147483647;
			files = (
				629720C51C29966100135148 /* tinyxml2.cpp in Sources */,
				629720D61C2D8C2600135148 /* sdLoader.cpp in Sources */,
				62D904D21C0E50320065D8A5 /* spatdiftest.cpp in Sources */,
				629720DB1C2E1F0600135148 /* sdSaver.cpp in Sources */,
				62AF37BB1C2373A1009E9347 /* sdEntity.cpp in Sources */,
				6217DDE71D5B20510048C466 /* sdDescriptors.cpp in Sources */,
			);
			runOnlyForDeploymentPostprocessing = 0;
		};
/* End PBXSourcesBuildPhase section */

/* Begin XCBuildConfiguration section */
		6217DDFC1D5B21080048C466 /* Debug */ = {
			isa = XCBuildConfiguration;
			buildSettings = {
				CLANG_ANALYZER_NONNULL = YES;
				ONLY_ACTIVE_ARCH = YES;
				PRODUCT_NAME = "$(TARGET_NAME)";
				USER_HEADER_SEARCH_PATHS = "\"$(SRCROOT)/../Catch/single_include\" \"$(SRCROOT)/../../libs/tinyxml2\" \"$(SRCROOT)/../../libs/libjson\"/** /Users/chikashi/Development/spatdiflib/src";
			};
			name = Debug;
		};
		6217DDFD1D5B21080048C466 /* Release */ = {
			isa = XCBuildConfiguration;
			buildSettings = {
				CLANG_ANALYZER_NONNULL = YES;
				PRODUCT_NAME = "$(TARGET_NAME)";
				USER_HEADER_SEARCH_PATHS = "\"$(SRCROOT)/../Catch/single_include\" \"$(SRCROOT)/../../libs/tinyxml2\" \"$(SRCROOT)/../../libs/libjson\"/** /Users/chikashi/Development/spatdiflib/src";
			};
			name = Release;
		};
		62D8B0331C37462900AC1D31 /* Debug */ = {
			isa = XCBuildConfiguration;
			buildSettings = {
				ONLY_ACTIVE_ARCH = YES;
				PRODUCT_NAME = "$(TARGET_NAME)";
				USER_HEADER_SEARCH_PATHS = "${PROJECT_DIR}/../../ ${PROJECT_DIR}/../Catch/single_include/ $(SRCROOT)/../../libs/tinyxml2 $(SRCROOT)/../../libs/libjson/**";
			};
			name = Debug;
		};
		62D8B0341C37462900AC1D31 /* Release */ = {
			isa = XCBuildConfiguration;
			buildSettings = {
				PRODUCT_NAME = "$(TARGET_NAME)";
				USER_HEADER_SEARCH_PATHS = "${PROJECT_DIR}/../../ ${PROJECT_DIR}/../Catch/single_include/ $(SRCROOT)/../../libs/tinyxml2 $(SRCROOT)/../../libs/libjson/**";
			};
			name = Release;
		};
		62D904BC1C0E4DBF0065D8A5 /* Debug */ = {
			isa = XCBuildConfiguration;
			buildSettings = {
				ALWAYS_SEARCH_USER_PATHS = NO;
				CLANG_CXX_LANGUAGE_STANDARD = "gnu++0x";
				CLANG_CXX_LIBRARY = "libc++";
				CLANG_ENABLE_MODULES = YES;
				CLANG_ENABLE_OBJC_ARC = YES;
				CLANG_WARN_BOOL_CONVERSION = YES;
				CLANG_WARN_CONSTANT_CONVERSION = YES;
				CLANG_WARN_DIRECT_OBJC_ISA_USAGE = YES_ERROR;
				CLANG_WARN_EMPTY_BODY = YES;
				CLANG_WARN_ENUM_CONVERSION = YES;
				CLANG_WARN_INT_CONVERSION = YES;
				CLANG_WARN_OBJC_ROOT_CLASS = YES_ERROR;
				CLANG_WARN_UNREACHABLE_CODE = YES;
				CLANG_WARN__DUPLICATE_METHOD_MATCH = YES;
				CODE_SIGN_IDENTITY = "-";
				COPY_PHASE_STRIP = NO;
				DEBUG_INFORMATION_FORMAT = dwarf;
				ENABLE_STRICT_OBJC_MSGSEND = YES;
				ENABLE_TESTABILITY = YES;
				GCC_C_LANGUAGE_STANDARD = gnu99;
				GCC_DYNAMIC_NO_PIC = NO;
				GCC_NO_COMMON_BLOCKS = YES;
				GCC_OPTIMIZATION_LEVEL = 0;
				GCC_PREPROCESSOR_DEFINITIONS = (
					"DEBUG=1",
					"$(inherited)",
				);
				GCC_WARN_64_TO_32_BIT_CONVERSION = YES;
				GCC_WARN_ABOUT_RETURN_TYPE = YES_ERROR;
				GCC_WARN_UNDECLARED_SELECTOR = YES;
				GCC_WARN_UNINITIALIZED_AUTOS = YES_AGGRESSIVE;
				GCC_WARN_UNUSED_FUNCTION = YES;
				GCC_WARN_UNUSED_VARIABLE = YES;
				LIBRARY_SEARCH_PATHS = "\"$(SRCROOT)/../../libs/libjson\"";
				MACOSX_DEPLOYMENT_TARGET = 10.11;
				MTL_ENABLE_DEBUG_INFO = YES;
				ONLY_ACTIVE_ARCH = NO;
				SDKROOT = macosx;
				USER_HEADER_SEARCH_PATHS = "${PROJECT_DIR}/../../ ${PROJECT_DIR}/../Catch/single_include/ \"$(SRCROOT)/../../libs/tinyxml2\" \"$(SRCROOT)/../../libs/libjson/libjson.h\"";
				VALID_ARCHS = x86_64;
			};
			name = Debug;
		};
		62D904BD1C0E4DBF0065D8A5 /* Release */ = {
			isa = XCBuildConfiguration;
			buildSettings = {
				ALWAYS_SEARCH_USER_PATHS = NO;
				CLANG_CXX_LANGUAGE_STANDARD = "gnu++0x";
				CLANG_CXX_LIBRARY = "libc++";
				CLANG_ENABLE_MODULES = YES;
				CLANG_ENABLE_OBJC_ARC = YES;
				CLANG_WARN_BOOL_CONVERSION = YES;
				CLANG_WARN_CONSTANT_CONVERSION = YES;
				CLANG_WARN_DIRECT_OBJC_ISA_USAGE = YES_ERROR;
				CLANG_WARN_EMPTY_BODY = YES;
				CLANG_WARN_ENUM_CONVERSION = YES;
				CLANG_WARN_INT_CONVERSION = YES;
				CLANG_WARN_OBJC_ROOT_CLASS = YES_ERROR;
				CLANG_WARN_UNREACHABLE_CODE = YES;
				CLANG_WARN__DUPLICATE_METHOD_MATCH = YES;
				CODE_SIGN_IDENTITY = "-";
				COPY_PHASE_STRIP = NO;
				DEBUG_INFORMATION_FORMAT = "dwarf-with-dsym";
				ENABLE_NS_ASSERTIONS = NO;
				ENABLE_STRICT_OBJC_MSGSEND = YES;
				GCC_C_LANGUAGE_STANDARD = gnu99;
				GCC_NO_COMMON_BLOCKS = YES;
				GCC_WARN_64_TO_32_BIT_CONVERSION = YES;
				GCC_WARN_ABOUT_RETURN_TYPE = YES_ERROR;
				GCC_WARN_UNDECLARED_SELECTOR = YES;
				GCC_WARN_UNINITIALIZED_AUTOS = YES_AGGRESSIVE;
				GCC_WARN_UNUSED_FUNCTION = YES;
				GCC_WARN_UNUSED_VARIABLE = YES;
				LIBRARY_SEARCH_PATHS = "\"$(SRCROOT)/../../libs/libjson\"";
				MACOSX_DEPLOYMENT_TARGET = 10.11;
				MTL_ENABLE_DEBUG_INFO = NO;
				ONLY_ACTIVE_ARCH = NO;
				SDKROOT = macosx;
				USER_HEADER_SEARCH_PATHS = "${PROJECT_DIR}/../../ ${PROJECT_DIR}/../Catch/single_include/ \"$(SRCROOT)/../../libs/tinyxml2\" \"$(SRCROOT)/../../libs/libjson";
				VALID_ARCHS = x86_64;
			};
			name = Release;
		};
		62D904CA1C0E4E160065D8A5 /* Debug */ = {
			isa = XCBuildConfiguration;
			buildSettings = {
				ARCHS = "$(ARCHS_STANDARD)";
				HEADER_SEARCH_PATHS = "";
				PRODUCT_NAME = "$(TARGET_NAME)";
				USER_HEADER_SEARCH_PATHS = "${PROJECT_DIR}/../../ ${PROJECT_DIR}/../Catch/single_include/ $(SRCROOT)/../../libs/tinyxml2 $(SRCROOT)/../../libs/libjson/**";
			};
			name = Debug;
		};
		62D904CB1C0E4E160065D8A5 /* Release */ = {
			isa = XCBuildConfiguration;
			buildSettings = {
				ARCHS = "$(ARCHS_STANDARD)";
				HEADER_SEARCH_PATHS = "";
				PRODUCT_NAME = "$(TARGET_NAME)";
				USER_HEADER_SEARCH_PATHS = "${PROJECT_DIR}/../../ ${PROJECT_DIR}/../Catch/single_include/ $(SRCROOT)/../../libs/tinyxml2 $(SRCROOT)/../../libs/libjson/**";
			};
			name = Release;
		};
/* End XCBuildConfiguration section */

/* Begin XCConfigurationList section */
		6217DDFB1D5B21080048C466 /* Build configuration list for PBXNativeTarget "descriptor_sanity_check" */ = {
			isa = XCConfigurationList;
			buildConfigurations = (
				6217DDFC1D5B21080048C466 /* Debug */,
				6217DDFD1D5B21080048C466 /* Release */,
			);
			defaultConfigurationIsVisible = 0;
		};
		62D8B0321C37462900AC1D31 /* Build configuration list for PBXNativeTarget "oldtest" */ = {
			isa = XCConfigurationList;
			buildConfigurations = (
				62D8B0331C37462900AC1D31 /* Debug */,
				62D8B0341C37462900AC1D31 /* Release */,
			);
			defaultConfigurationIsVisible = 0;
			defaultConfigurationName = Release;
		};
		62D904B21C0E4DBF0065D8A5 /* Build configuration list for PBXProject "libSpatDIFTest" */ = {
			isa = XCConfigurationList;
			buildConfigurations = (
				62D904BC1C0E4DBF0065D8A5 /* Debug */,
				62D904BD1C0E4DBF0065D8A5 /* Release */,
			);
			defaultConfigurationIsVisible = 0;
			defaultConfigurationName = Release;
		};
		62D904C91C0E4E160065D8A5 /* Build configuration list for PBXNativeTarget "spatdiftest" */ = {
			isa = XCConfigurationList;
			buildConfigurations = (
				62D904CA1C0E4E160065D8A5 /* Debug */,
				62D904CB1C0E4E160065D8A5 /* Release */,
			);
			defaultConfigurationIsVisible = 0;
			defaultConfigurationName = Release;
		};
/* End XCConfigurationList section */
	};
	rootObject = 62D904AF1C0E4DBF0065D8A5 /* Project object */;
}
